{
  "name": "lib",
  "version": "1.0.0",
  "lockfileVersion": 2,
  "requires": true,
  "packages": {
    "": {
      "name": "lib",
      "version": "1.0.0",
      "license": "GPL-3.0",
      "dependencies": {
        "isaac-racing-common": "^1.0.10"
      }
    },
    "node_modules/isaac-racing-common": {
      "version": "1.0.10",
      "resolved": "https://registry.npmjs.org/isaac-racing-common/-/isaac-racing-common-1.0.10.tgz",
      "integrity": "sha512-Zp1nvnjg8+SXTo65iTlscUnGDm+jqke8hQlmDMWy9Saj1Pi2JCnTKDWNgyWIi728NuU+HUYT9FjNULOtvoH1pQ=="
    }
  },
  "dependencies": {
    "isaac-racing-common": {
      "version": "1.0.10",
      "resolved": "https://registry.npmjs.org/isaac-racing-common/-/isaac-racing-common-1.0.10.tgz",
      "integrity": "sha512-Zp1nvnjg8+SXTo65iTlscUnGDm+jqke8hQlmDMWy9Saj1Pi2JCnTKDWNgyWIi728NuU+HUYT9FjNULOtvoH1pQ=="
    }
  }
}
